// !$*UTF8*$!
{
	archiveVersion = 1;
	classes = {
	};
	objectVersion = 46;
	objects = {

/* Begin PBXBuildFile section */
		A7AE49EC1C907A7A0044B912 /* main.m in Sources */ = {isa = PBXBuildFile; fileRef = A7AE49EB1C907A7A0044B912 /* main.m */; };
		A7AE49F61C907B910044B912 /* Dice.m in Sources */ = {isa = PBXBuildFile; fileRef = A7AE49F51C907B910044B912 /* Dice.m */; };
		A7AE49F91C9082750044B912 /* InputCollector.m in Sources */ = {isa = PBXBuildFile; fileRef = A7AE49F81C9082750044B912 /* InputCollector.m */; };
		A7AE49FC1C9085E90044B912 /* GameController.m in Sources */ = {isa = PBXBuildFile; fileRef = A7AE49FB1C9085E90044B912 /* GameController.m */; };
/* End PBXBuildFile section */

/* Begin PBXCopyFilesBuildPhase section */
		A7AE49E61C907A7A0044B912 /* CopyFiles */ = {
			isa = PBXCopyFilesBuildPhase;
			buildActionMask = 2147483647;
			dstPath = /usr/share/man/man1/;
			dstSubfolderSpec = 0;
			files = (
			);
			runOnlyForDeploymentPostprocessing = 1;
		};
/* End PBXCopyFilesBuildPhase section */

/* Begin PBXFileReference section */
		A7AE49E81C907A7A0044B912 /* W1D3Threelow */ = {isa = PBXFileReference; explicitFileType = "compiled.mach-o.executable"; includeInIndex = 0; path = W1D3Threelow; sourceTree = BUILT_PRODUCTS_DIR; };
		A7AE49EB1C907A7A0044B912 /* main.m */ = {isa = PBXFileReference; lastKnownFileType = sourcecode.c.objc; path = main.m; sourceTree = "<group>"; };
		A7AE49F41C907B910044B912 /* Dice.h */ = {isa = PBXFileReference; fileEncoding = 4; lastKnownFileType = sourcecode.c.h; path = Dice.h; sourceTree = "<group>"; };
		A7AE49F51C907B910044B912 /* Dice.m */ = {isa = PBXFileReference; fileEncoding = 4; lastKnownFileType = sourcecode.c.objc; path = Dice.m; sourceTree = "<group>"; };
		A7AE49F71C9082750044B912 /* InputCollector.h */ = {isa = PBXFileReference; fileEncoding = 4; lastKnownFileType = sourcecode.c.h; path = InputCollector.h; sourceTree = "<group>"; };
		A7AE49F81C9082750044B912 /* InputCollector.m */ = {isa = PBXFileReference; fileEncoding = 4; lastKnownFileType = sourcecode.c.objc; path = InputCollector.m; sourceTree = "<group>"; };
		A7AE49FA1C9085E90044B912 /* GameController.h */ = {isa = PBXFileReference; fileEncoding = 4; lastKnownFileType = sourcecode.c.h; path = GameController.h; sourceTree = "<group>"; };
		A7AE49FB1C9085E90044B912 /* GameController.m */ = {isa = PBXFileReference; fileEncoding = 4; lastKnownFileType = sourcecode.c.objc; path = GameController.m; sourceTree = "<group>"; };
/* End PBXFileReference section */

/* Begin PBXFrameworksBuildPhase section */
		A7AE49E51C907A7A0044B912 /* Frameworks */ = {
			isa = PBXFrameworksBuildPhase;
			buildActionMask = 2147483647;
			files = (
			);
			runOnlyForDeploymentPostprocessing = 0;
		};
/* End PBXFrameworksBuildPhase section */

/* Begin PBXGroup section */
		A7AE49DF1C907A7A0044B912 = {
			isa = PBXGroup;
			children = (
				A7AE49EA1C907A7A0044B912 /* W1D3Threelow */,
				A7AE49E91C907A7A0044B912 /* Products */,
			);
			sourceTree = "<group>";
		};
		A7AE49E91C907A7A0044B912 /* Products */ = {
			isa = PBXGroup;
			children = (
				A7AE49E81C907A7A0044B912 /* W1D3Threelow */,
			);
			name = Products;
			sourceTree = "<group>";
		};
		A7AE49EA1C907A7A0044B912 /* W1D3Threelow */ = {
			isa = PBXGroup;
			children = (
				A7AE49EB1C907A7A0044B912 /* main.m */,
				A7AE49F41C907B910044B912 /* Dice.h */,
				A7AE49F51C907B910044B912 /* Dice.m */,
				A7AE49F71C9082750044B912 /* InputCollector.h */,
				A7AE49F81C9082750044B912 /* InputCollector.m */,
				A7AE49FA1C9085E90044B912 /* GameController.h */,
				A7AE49FB1C9085E90044B912 /* GameController.m */,
			);
			path = W1D3Threelow;
			sourceTree = "<group>";
		};
/* End PBXGroup section */

/* Begin PBXNativeTarget section */
		A7AE49E71C907A7A0044B912 /* W1D3Threelow */ = {
			isa = PBXNativeTarget;
			buildConfigurationList = A7AE49EF1C907A7A0044B912 /* Build configuration list for PBXNativeTarget "W1D3Threelow" */;
			buildPhases = (
				A7AE49E41C907A7A0044B912 /* Sources */,
				A7AE49E51C907A7A0044B912 /* Frameworks */,
				A7AE49E61C907A7A0044B912 /* CopyFiles */,
			);
			buildRules = (
			);
			dependencies = (
			);
			name = W1D3Threelow;
			productName = W1D3Threelow;
			productReference = A7AE49E81C907A7A0044B912 /* W1D3Threelow */;
			productType = "com.apple.product-type.tool";
		};
/* End PBXNativeTarget section */

/* Begin PBXProject section */
		A7AE49E01C907A7A0044B912 /* Project object */ = {
			isa = PBXProject;
			attributes = {
				LastUpgradeCheck = 0720;
				ORGANIZATIONNAME = AccessIT;
				TargetAttributes = {
					A7AE49E71C907A7A0044B912 = {
						CreatedOnToolsVersion = 7.2.1;
					};
				};
			};
			buildConfigurationList = A7AE49E31C907A7A0044B912 /* Build configuration list for PBXProject "W1D3Threelow" */;
			compatibilityVersion = "Xcode 3.2";
			developmentRegion = English;
			hasScannedForEncodings = 0;
			knownRegions = (
				en,
			);
			mainGroup = A7AE49DF1C907A7A0044B912;
			productRefGroup = A7AE49E91C907A7A0044B912 /* Products */;
			projectDirPath = "";
			projectRoot = "";
			targets = (
				A7AE49E71C907A7A0044B912 /* W1D3Threelow */,
			);
		};
/* End PBXProject section */

/* Begin PBXSourcesBuildPhase section */
		A7AE49E41C907A7A0044B912 /* Sources */ = {
			isa = PBXSourcesBuildPhase;
			buildActionMask = 2147483647;
			files = (
				A7AE49F91C9082750044B912 /* InputCollector.m in Sources */,
				A7AE49FC1C9085E90044B912 /* GameController.m in Sources */,
				A7AE49F61C907B910044B912 /* Dice.m in Sources */,
				A7AE49EC1C907A7A0044B912 /* main.m in Sources */,
			);
			runOnlyForDeploymentPostprocessing = 0;
		};
/* End PBXSourcesBuildPhase section */

/* Begin XCBuildConfiguration section */
		A7AE49ED1C907A7A0044B912 /* Debug */ = {
			isa = XCBuildConfiguration;
			buildSettings = {
				ALWAYS_SEARCH_USER_PATHS = NO;
				CLANG_CXX_LANGUAGE_STANDARD = "gnu++0x";
				CLANG_CXX_LIBRARY = "libc++";
				CLANG_ENABLE_MODULES = YES;
				CLANG_ENABLE_OBJC_ARC = YES;
				CLANG_WARN_BOOL_CONVERSION = YES;
				CLANG_WARN_CONSTANT_CONVERSION = YES;
				CLANG_WARN_DIRECT_OBJC_ISA_USAGE = YES_ERROR;
				CLANG_WARN_EMPTY_BODY = YES;
				CLANG_WARN_ENUM_CONVERSION = YES;
				CLANG_WARN_INT_CONVERSION = YES;
				CLANG_WARN_OBJC_ROOT_CLASS = YES_ERROR;
				CLANG_WARN_UNREACHABLE_CODE = YES;
				CLANG_WARN__DUPLICATE_METHOD_MATCH = YES;
				CODE_SIGN_IDENTITY = "-";
				COPY_PHASE_STRIP = NO;
				DEBUG_INFORMATION_FORMAT = dwarf;
				ENABLE_STRICT_OBJC_MSGSEND = YES;
				ENABLE_TESTABILITY = YES;
				GCC_C_LANGUAGE_STANDARD = gnu99;
				GCC_DYNAMIC_NO_PIC = NO;
				GCC_NO_COMMON_BLOCKS = YES;
				GCC_OPTIMIZATION_LEVEL = 0;
				GCC_PREPROCESSOR_DEFINITIONS = (
					"DEBUG=1",
					"$(inherited)",
				);
				GCC_WARN_64_TO_32_BIT_CONVERSION = YES;
				GCC_WARN_ABOUT_RETURN_TYPE = YES_ERROR;
				GCC_WARN_UNDECLARED_SELECTOR = YES;
				GCC_WARN_UNINITIALIZED_AUTOS = YES_AGGRESSIVE;
				GCC_WARN_UNUSED_FUNCTION = YES;
				GCC_WARN_UNUSED_VARIABLE = YES;
				MACOSX_DEPLOYMENT_TARGET = 10.11;
				MTL_ENABLE_DEBUG_INFO = YES;
				ONLY_ACTIVE_ARCH = YES;
				SDKROOT = macosx;
			};
			name = Debug;
		};
		A7AE49EE1C907A7A0044B912 /* Release */ = {
			isa = XCBuildConfiguration;
			buildSettings = {
				ALWAYS_SEARCH_USER_PATHS = NO;
				CLANG_CXX_LANGUAGE_STANDARD = "gnu++0x";
				CLANG_CXX_LIBRARY = "libc++";
				CLANG_ENABLE_MODULES = YES;
				CLANG_ENABLE_OBJC_ARC = YES;
				CLANG_WARN_BOOL_CONVERSION = YES;
				CLANG_WARN_CONSTANT_CONVERSION = YES;
				CLANG_WARN_DIRECT_OBJC_ISA_USAGE = YES_ERROR;
				CLANG_WARN_EMPTY_BODY = YES;
				CLANG_WARN_ENUM_CONVERSION = YES;
				CLANG_WARN_INT_CONVERSION = YES;
				CLANG_WARN_OBJC_ROOT_CLASS = YES_ERROR;
				CLANG_WARN_UNREACHABLE_CODE = YES;
				CLANG_WARN__DUPLICATE_METHOD_MATCH = YES;
				CODE_SIGN_IDENTITY = "-";
				COPY_PHASE_STRIP = NO;
				DEBUG_INFORMATION_FORMAT = "dwarf-with-dsym";
				ENABLE_NS_ASSERTIONS = NO;
				ENABLE_STRICT_OBJC_MSGSEND = YES;
				GCC_C_LANGUAGE_STANDARD = gnu99;
				GCC_NO_COMMON_BLOCKS = YES;
				GCC_WARN_64_TO_32_BIT_CONVERSION = YES;
				GCC_WARN_ABOUT_RETURN_TYPE = YES_ERROR;
				GCC_WARN_UNDECLARED_SELECTOR = YES;
				GCC_WARN_UNINITIALIZED_AUTOS = YES_AGGRESSIVE;
				GCC_WARN_UNUSED_FUNCTION = YES;
				GCC_WARN_UNUSED_VARIABLE = YES;
				MACOSX_DEPLOYMENT_TARGET = 10.11;
				MTL_ENABLE_DEBUG_INFO = NO;
				SDKROOT = macosx;
			};
			name = Release;
		};
		A7AE49F01C907A7A0044B912 /* Debug */ = {
			isa = XCBuildConfiguration;
			buildSettings = {
				PRODUCT_NAME = "$(TARGET_NAME)";
			};
			name = Debug;
		};
		A7AE49F11C907A7A0044B912 /* Release */ = {
			isa = XCBuildConfiguration;
			buildSettings = {
				PRODUCT_NAME = "$(TARGET_NAME)";
			};
			name = Release;
		};
/* End XCBuildConfiguration section */

/* Begin XCConfigurationList section */
		A7AE49E31C907A7A0044B912 /* Build configuration list for PBXProject "W1D3Threelow" */ = {
			isa = XCConfigurationList;
			buildConfigurations = (
				A7AE49ED1C907A7A0044B912 /* Debug */,
				A7AE49EE1C907A7A0044B912 /* Release */,
			);
			defaultConfigurationIsVisible = 0;
			defaultConfigurationName = Release;
		};
		A7AE49EF1C907A7A0044B912 /* Build configuration list for PBXNativeTarget "W1D3Threelow" */ = {
			isa = XCConfigurationList;
			buildConfigurations = (
				A7AE49F01C907A7A0044B912 /* Debug */,
				A7AE49F11C907A7A0044B912 /* Release */,
			);
			defaultConfigurationIsVisible = 0;
			defaultConfigurationName = Release;
		};
/* End XCConfigurationList section */
	};
	rootObject = A7AE49E01C907A7A0044B912 /* Project object */;
}
